
Microsoft Visual Studio Solution File, Format Version 12.00
# Visual Studio Version 17
VisualStudioVersion = 17.11.35327.3
MinimumVisualStudioVersion = 10.0.40219.1
Project("{FAE04EC0-301F-11D3-BF4B-00C04F79EFBC}") = "Rezervasyon Sistemi", "Rezervasyon Sistemi\Rezervasyon Sistemi.csproj", "{0863CF51-DD6C-469D-9605-74FCBC24DE8B}"
EndProject
Global
	GlobalSection(SolutionConfigurationPlatforms) = preSolution
		Debug|Any CPU = Debug|Any CPU
		Release|Any CPU = Release|Any CPU
	EndGlobalSection
	GlobalSection(ProjectConfigurationPlatforms) = postSolution
		{0863CF51-DD6C-469D-9605-74FCBC24DE8B}.Debug|Any CPU.ActiveCfg = Debug|Any CPU
		{0863CF51-DD6C-469D-9605-74FCBC24DE8B}.Debug|Any CPU.Build.0 = Debug|Any CPU
		{0863CF51-DD6C-469D-9605-74FCBC24DE8B}.Release|Any CPU.ActiveCfg = Release|Any CPU
		{0863CF51-DD6C-469D-9605-74FCBC24DE8B}.Release|Any CPU.Build.0 = Release|Any CPU
	EndGlobalSection
	GlobalSection(SolutionProperties) = preSolution
		HideSolutionNode = FALSE
	EndGlobalSection
	GlobalSection(ExtensibilityGlobals) = postSolution
		SolutionGuid = {0349A76F-E8F5-48EF-9311-93C028D909AC}
	EndGlobalSection
EndGlobal
